// !$*UTF8*$!
{
	archiveVersion = 1;
	classes = {
	};
	objectVersion = 46;
	objects = {

/* Begin PBXBuildFile section */
		9233824219941DB800B199A9 /* Foundation.framework in Frameworks */ = {isa = PBXBuildFile; fileRef = 9233824119941DB800B199A9 /* Foundation.framework */; };
		9233824419941DB800B199A9 /* CoreGraphics.framework in Frameworks */ = {isa = PBXBuildFile; fileRef = 9233824319941DB800B199A9 /* CoreGraphics.framework */; };
		9233824619941DB800B199A9 /* UIKit.framework in Frameworks */ = {isa = PBXBuildFile; fileRef = 9233824519941DB800B199A9 /* UIKit.framework */; };
		9233824C19941DB800B199A9 /* InfoPlist.strings in Resources */ = {isa = PBXBuildFile; fileRef = 9233824A19941DB800B199A9 /* InfoPlist.strings */; };
		9233824E19941DB800B199A9 /* main.m in Sources */ = {isa = PBXBuildFile; fileRef = 9233824D19941DB800B199A9 /* main.m */; };
		9233825219941DB800B199A9 /* YSTAppDelegate.m in Sources */ = {isa = PBXBuildFile; fileRef = 9233825119941DB800B199A9 /* YSTAppDelegate.m */; };
		9233825419941DB800B199A9 /* Images.xcassets in Resources */ = {isa = PBXBuildFile; fileRef = 9233825319941DB800B199A9 /* Images.xcassets */; };
		9233825B19941DB800B199A9 /* XCTest.framework in Frameworks */ = {isa = PBXBuildFile; fileRef = 9233825A19941DB800B199A9 /* XCTest.framework */; };
		9233825C19941DB800B199A9 /* Foundation.framework in Frameworks */ = {isa = PBXBuildFile; fileRef = 9233824119941DB800B199A9 /* Foundation.framework */; };
		9233825D19941DB800B199A9 /* UIKit.framework in Frameworks */ = {isa = PBXBuildFile; fileRef = 9233824519941DB800B199A9 /* UIKit.framework */; };
		9233826519941DB800B199A9 /* InfoPlist.strings in Resources */ = {isa = PBXBuildFile; fileRef = 9233826319941DB800B199A9 /* InfoPlist.strings */; };
		9233826719941DB800B199A9 /* YouSetTests.m in Sources */ = {isa = PBXBuildFile; fileRef = 9233826619941DB800B199A9 /* YouSetTests.m */; };
		923382771994213F00B199A9 /* YSTToDo.m in Sources */ = {isa = PBXBuildFile; fileRef = 923382761994213F00B199A9 /* YSTToDo.m */; };
		9233827A1994214E00B199A9 /* YSTToDoStore.m in Sources */ = {isa = PBXBuildFile; fileRef = 923382791994214E00B199A9 /* YSTToDoStore.m */; };
		9233827D1994217C00B199A9 /* YSTAssignee.m in Sources */ = {isa = PBXBuildFile; fileRef = 9233827C1994217C00B199A9 /* YSTAssignee.m */; };
		923382801994218700B199A9 /* YSTAssigneeStore.m in Sources */ = {isa = PBXBuildFile; fileRef = 9233827F1994218700B199A9 /* YSTAssigneeStore.m */; };
		923382831994219200B199A9 /* YSTUser.m in Sources */ = {isa = PBXBuildFile; fileRef = 923382821994219200B199A9 /* YSTUser.m */; };
		92338286199421A600B199A9 /* YSTUserStore.m in Sources */ = {isa = PBXBuildFile; fileRef = 92338285199421A600B199A9 /* YSTUserStore.m */; };
		92338289199421C000B199A9 /* YSTConnection.m in Sources */ = {isa = PBXBuildFile; fileRef = 92338288199421C000B199A9 /* YSTConnection.m */; };
		9233828C199421D000B199A9 /* YSTGroup.m in Sources */ = {isa = PBXBuildFile; fileRef = 9233828B199421D000B199A9 /* YSTGroup.m */; };
		9233828F199421DC00B199A9 /* YSTGroupStore.m in Sources */ = {isa = PBXBuildFile; fileRef = 9233828E199421DC00B199A9 /* YSTGroupStore.m */; };
		929EDD28199BE99400A909BD /* YSTMeTableViewCell.m in Sources */ = {isa = PBXBuildFile; fileRef = 929EDD26199BE99400A909BD /* YSTMeTableViewCell.m */; };
		929EDD29199BE99400A909BD /* YSTMeTableViewCell.xib in Resources */ = {isa = PBXBuildFile; fileRef = 929EDD27199BE99400A909BD /* YSTMeTableViewCell.xib */; };
		92B9362019956C8D00F26A05 /* YSTMeViewController.m in Sources */ = {isa = PBXBuildFile; fileRef = 92B9361E19956C8D00F26A05 /* YSTMeViewController.m */; };
		92B9362119956C8D00F26A05 /* YSTMeViewController.xib in Resources */ = {isa = PBXBuildFile; fileRef = 92B9361F19956C8D00F26A05 /* YSTMeViewController.xib */; };
		92B9362519956CA800F26A05 /* YSTGroupsViewController.m in Sources */ = {isa = PBXBuildFile; fileRef = 92B9362319956CA800F26A05 /* YSTGroupsViewController.m */; };
		92B9362619956CA800F26A05 /* YSTGroupsViewController.xib in Resources */ = {isa = PBXBuildFile; fileRef = 92B9362419956CA800F26A05 /* YSTGroupsViewController.xib */; };
		92B9362A19956CBC00F26A05 /* YSTContactsViewController.m in Sources */ = {isa = PBXBuildFile; fileRef = 92B9362819956CBC00F26A05 /* YSTContactsViewController.m */; };
		92B9362B19956CBC00F26A05 /* YSTContactsViewController.xib in Resources */ = {isa = PBXBuildFile; fileRef = 92B9362919956CBC00F26A05 /* YSTContactsViewController.xib */; };
		B35D9725199AB308004826D1 /* YSTCreateNewTodo.m in Sources */ = {isa = PBXBuildFile; fileRef = B35D9723199AB308004826D1 /* YSTCreateNewTodo.m */; };
		B35D9726199AB308004826D1 /* YSTCreateNewTodo.xib in Resources */ = {isa = PBXBuildFile; fileRef = B35D9724199AB308004826D1 /* YSTCreateNewTodo.xib */; };
/* End PBXBuildFile section */

/* Begin PBXContainerItemProxy section */
		9233825E19941DB800B199A9 /* PBXContainerItemProxy */ = {
			isa = PBXContainerItemProxy;
			containerPortal = 9233823619941DB800B199A9 /* Project object */;
			proxyType = 1;
			remoteGlobalIDString = 9233823D19941DB800B199A9;
			remoteInfo = YouSet;
		};
/* End PBXContainerItemProxy section */

/* Begin PBXFileReference section */
		9233823E19941DB800B199A9 /* YouSet.app */ = {isa = PBXFileReference; explicitFileType = wrapper.application; includeInIndex = 0; path = YouSet.app; sourceTree = BUILT_PRODUCTS_DIR; };
		9233824119941DB800B199A9 /* Foundation.framework */ = {isa = PBXFileReference; lastKnownFileType = wrapper.framework; name = Foundation.framework; path = System/Library/Frameworks/Foundation.framework; sourceTree = SDKROOT; };
		9233824319941DB800B199A9 /* CoreGraphics.framework */ = {isa = PBXFileReference; lastKnownFileType = wrapper.framework; name = CoreGraphics.framework; path = System/Library/Frameworks/CoreGraphics.framework; sourceTree = SDKROOT; };
		9233824519941DB800B199A9 /* UIKit.framework */ = {isa = PBXFileReference; lastKnownFileType = wrapper.framework; name = UIKit.framework; path = System/Library/Frameworks/UIKit.framework; sourceTree = SDKROOT; };
		9233824919941DB800B199A9 /* YouSet-Info.plist */ = {isa = PBXFileReference; lastKnownFileType = text.plist.xml; path = "YouSet-Info.plist"; sourceTree = "<group>"; };
		9233824B19941DB800B199A9 /* en */ = {isa = PBXFileReference; lastKnownFileType = text.plist.strings; name = en; path = en.lproj/InfoPlist.strings; sourceTree = "<group>"; };
		9233824D19941DB800B199A9 /* main.m */ = {isa = PBXFileReference; lastKnownFileType = sourcecode.c.objc; path = main.m; sourceTree = "<group>"; };
		9233824F19941DB800B199A9 /* YouSet-Prefix.pch */ = {isa = PBXFileReference; lastKnownFileType = sourcecode.c.h; path = "YouSet-Prefix.pch"; sourceTree = "<group>"; };
		9233825019941DB800B199A9 /* YSTAppDelegate.h */ = {isa = PBXFileReference; lastKnownFileType = sourcecode.c.h; path = YSTAppDelegate.h; sourceTree = "<group>"; };
		9233825119941DB800B199A9 /* YSTAppDelegate.m */ = {isa = PBXFileReference; lastKnownFileType = sourcecode.c.objc; path = YSTAppDelegate.m; sourceTree = "<group>"; };
		9233825319941DB800B199A9 /* Images.xcassets */ = {isa = PBXFileReference; lastKnownFileType = folder.assetcatalog; path = Images.xcassets; sourceTree = "<group>"; };
		9233825919941DB800B199A9 /* YouSetTests.xctest */ = {isa = PBXFileReference; explicitFileType = wrapper.cfbundle; includeInIndex = 0; path = YouSetTests.xctest; sourceTree = BUILT_PRODUCTS_DIR; };
		9233825A19941DB800B199A9 /* XCTest.framework */ = {isa = PBXFileReference; lastKnownFileType = wrapper.framework; name = XCTest.framework; path = Library/Frameworks/XCTest.framework; sourceTree = DEVELOPER_DIR; };
		9233826219941DB800B199A9 /* YouSetTests-Info.plist */ = {isa = PBXFileReference; lastKnownFileType = text.plist.xml; path = "YouSetTests-Info.plist"; sourceTree = "<group>"; };
		9233826419941DB800B199A9 /* en */ = {isa = PBXFileReference; lastKnownFileType = text.plist.strings; name = en; path = en.lproj/InfoPlist.strings; sourceTree = "<group>"; };
		9233826619941DB800B199A9 /* YouSetTests.m */ = {isa = PBXFileReference; lastKnownFileType = sourcecode.c.objc; path = YouSetTests.m; sourceTree = "<group>"; };
		923382751994213F00B199A9 /* YSTToDo.h */ = {isa = PBXFileReference; fileEncoding = 4; lastKnownFileType = sourcecode.c.h; path = YSTToDo.h; sourceTree = "<group>"; };
		923382761994213F00B199A9 /* YSTToDo.m */ = {isa = PBXFileReference; fileEncoding = 4; lastKnownFileType = sourcecode.c.objc; path = YSTToDo.m; sourceTree = "<group>"; };
		923382781994214E00B199A9 /* YSTToDoStore.h */ = {isa = PBXFileReference; fileEncoding = 4; lastKnownFileType = sourcecode.c.h; path = YSTToDoStore.h; sourceTree = "<group>"; };
		923382791994214E00B199A9 /* YSTToDoStore.m */ = {isa = PBXFileReference; fileEncoding = 4; lastKnownFileType = sourcecode.c.objc; path = YSTToDoStore.m; sourceTree = "<group>"; };
		9233827B1994217C00B199A9 /* YSTAssignee.h */ = {isa = PBXFileReference; fileEncoding = 4; lastKnownFileType = sourcecode.c.h; path = YSTAssignee.h; sourceTree = "<group>"; };
		9233827C1994217C00B199A9 /* YSTAssignee.m */ = {isa = PBXFileReference; fileEncoding = 4; lastKnownFileType = sourcecode.c.objc; path = YSTAssignee.m; sourceTree = "<group>"; };
		9233827E1994218700B199A9 /* YSTAssigneeStore.h */ = {isa = PBXFileReference; fileEncoding = 4; lastKnownFileType = sourcecode.c.h; path = YSTAssigneeStore.h; sourceTree = "<group>"; };
		9233827F1994218700B199A9 /* YSTAssigneeStore.m */ = {isa = PBXFileReference; fileEncoding = 4; lastKnownFileType = sourcecode.c.objc; path = YSTAssigneeStore.m; sourceTree = "<group>"; };
		923382811994219200B199A9 /* YSTUser.h */ = {isa = PBXFileReference; fileEncoding = 4; lastKnownFileType = sourcecode.c.h; path = YSTUser.h; sourceTree = "<group>"; };
		923382821994219200B199A9 /* YSTUser.m */ = {isa = PBXFileReference; fileEncoding = 4; lastKnownFileType = sourcecode.c.objc; path = YSTUser.m; sourceTree = "<group>"; };
		92338284199421A600B199A9 /* YSTUserStore.h */ = {isa = PBXFileReference; fileEncoding = 4; lastKnownFileType = sourcecode.c.h; path = YSTUserStore.h; sourceTree = "<group>"; };
		92338285199421A600B199A9 /* YSTUserStore.m */ = {isa = PBXFileReference; fileEncoding = 4; lastKnownFileType = sourcecode.c.objc; path = YSTUserStore.m; sourceTree = "<group>"; };
		92338287199421C000B199A9 /* YSTConnection.h */ = {isa = PBXFileReference; fileEncoding = 4; lastKnownFileType = sourcecode.c.h; path = YSTConnection.h; sourceTree = "<group>"; };
		92338288199421C000B199A9 /* YSTConnection.m */ = {isa = PBXFileReference; fileEncoding = 4; lastKnownFileType = sourcecode.c.objc; path = YSTConnection.m; sourceTree = "<group>"; };
		9233828A199421D000B199A9 /* YSTGroup.h */ = {isa = PBXFileReference; fileEncoding = 4; lastKnownFileType = sourcecode.c.h; path = YSTGroup.h; sourceTree = "<group>"; };
		9233828B199421D000B199A9 /* YSTGroup.m */ = {isa = PBXFileReference; fileEncoding = 4; lastKnownFileType = sourcecode.c.objc; path = YSTGroup.m; sourceTree = "<group>"; };
		9233828D199421DC00B199A9 /* YSTGroupStore.h */ = {isa = PBXFileReference; fileEncoding = 4; lastKnownFileType = sourcecode.c.h; path = YSTGroupStore.h; sourceTree = "<group>"; };
		9233828E199421DC00B199A9 /* YSTGroupStore.m */ = {isa = PBXFileReference; fileEncoding = 4; lastKnownFileType = sourcecode.c.objc; path = YSTGroupStore.m; sourceTree = "<group>"; };
		929EDD25199BE99400A909BD /* YSTMeTableViewCell.h */ = {isa = PBXFileReference; fileEncoding = 4; lastKnownFileType = sourcecode.c.h; path = YSTMeTableViewCell.h; sourceTree = "<group>"; };
		929EDD26199BE99400A909BD /* YSTMeTableViewCell.m */ = {isa = PBXFileReference; fileEncoding = 4; lastKnownFileType = sourcecode.c.objc; path = YSTMeTableViewCell.m; sourceTree = "<group>"; };
		929EDD27199BE99400A909BD /* YSTMeTableViewCell.xib */ = {isa = PBXFileReference; fileEncoding = 4; lastKnownFileType = file.xib; path = YSTMeTableViewCell.xib; sourceTree = "<group>"; };
		92B9361D19956C8D00F26A05 /* YSTMeViewController.h */ = {isa = PBXFileReference; fileEncoding = 4; lastKnownFileType = sourcecode.c.h; path = YSTMeViewController.h; sourceTree = "<group>"; };
		92B9361E19956C8D00F26A05 /* YSTMeViewController.m */ = {isa = PBXFileReference; fileEncoding = 4; lastKnownFileType = sourcecode.c.objc; path = YSTMeViewController.m; sourceTree = "<group>"; };
		92B9361F19956C8D00F26A05 /* YSTMeViewController.xib */ = {isa = PBXFileReference; fileEncoding = 4; lastKnownFileType = file.xib; path = YSTMeViewController.xib; sourceTree = "<group>"; };
		92B9362219956CA800F26A05 /* YSTGroupsViewController.h */ = {isa = PBXFileReference; fileEncoding = 4; lastKnownFileType = sourcecode.c.h; path = YSTGroupsViewController.h; sourceTree = "<group>"; };
		92B9362319956CA800F26A05 /* YSTGroupsViewController.m */ = {isa = PBXFileReference; fileEncoding = 4; lastKnownFileType = sourcecode.c.objc; path = YSTGroupsViewController.m; sourceTree = "<group>"; };
		92B9362419956CA800F26A05 /* YSTGroupsViewController.xib */ = {isa = PBXFileReference; fileEncoding = 4; lastKnownFileType = file.xib; path = YSTGroupsViewController.xib; sourceTree = "<group>"; };
		92B9362719956CBC00F26A05 /* YSTContactsViewController.h */ = {isa = PBXFileReference; fileEncoding = 4; lastKnownFileType = sourcecode.c.h; path = YSTContactsViewController.h; sourceTree = "<group>"; };
		92B9362819956CBC00F26A05 /* YSTContactsViewController.m */ = {isa = PBXFileReference; fileEncoding = 4; lastKnownFileType = sourcecode.c.objc; path = YSTContactsViewController.m; sourceTree = "<group>"; };
		92B9362919956CBC00F26A05 /* YSTContactsViewController.xib */ = {isa = PBXFileReference; fileEncoding = 4; lastKnownFileType = file.xib; path = YSTContactsViewController.xib; sourceTree = "<group>"; };
		B35D9722199AB308004826D1 /* YSTCreateNewTodo.h */ = {isa = PBXFileReference; fileEncoding = 4; lastKnownFileType = sourcecode.c.h; path = YSTCreateNewTodo.h; sourceTree = "<group>"; };
		B35D9723199AB308004826D1 /* YSTCreateNewTodo.m */ = {isa = PBXFileReference; fileEncoding = 4; lastKnownFileType = sourcecode.c.objc; path = YSTCreateNewTodo.m; sourceTree = "<group>"; };
		B35D9724199AB308004826D1 /* YSTCreateNewTodo.xib */ = {isa = PBXFileReference; fileEncoding = 4; lastKnownFileType = file.xib; path = YSTCreateNewTodo.xib; sourceTree = "<group>"; };
/* End PBXFileReference section */

/* Begin PBXFrameworksBuildPhase section */
		9233823B19941DB800B199A9 /* Frameworks */ = {
			isa = PBXFrameworksBuildPhase;
			buildActionMask = 2147483647;
			files = (
				9233824419941DB800B199A9 /* CoreGraphics.framework in Frameworks */,
				9233824619941DB800B199A9 /* UIKit.framework in Frameworks */,
				9233824219941DB800B199A9 /* Foundation.framework in Frameworks */,
			);
			runOnlyForDeploymentPostprocessing = 0;
		};
		9233825619941DB800B199A9 /* Frameworks */ = {
			isa = PBXFrameworksBuildPhase;
			buildActionMask = 2147483647;
			files = (
				9233825B19941DB800B199A9 /* XCTest.framework in Frameworks */,
				9233825D19941DB800B199A9 /* UIKit.framework in Frameworks */,
				9233825C19941DB800B199A9 /* Foundation.framework in Frameworks */,
			);
			runOnlyForDeploymentPostprocessing = 0;
		};
/* End PBXFrameworksBuildPhase section */

/* Begin PBXGroup section */
		9233823519941DB800B199A9 = {
			isa = PBXGroup;
			children = (
				9233824719941DB800B199A9 /* YouSet */,
				9233826019941DB800B199A9 /* YouSetTests */,
				9233824019941DB800B199A9 /* Frameworks */,
				9233823F19941DB800B199A9 /* Products */,
			);
			sourceTree = "<group>";
		};
		9233823F19941DB800B199A9 /* Products */ = {
			isa = PBXGroup;
			children = (
				9233823E19941DB800B199A9 /* YouSet.app */,
				9233825919941DB800B199A9 /* YouSetTests.xctest */,
			);
			name = Products;
			sourceTree = "<group>";
		};
		9233824019941DB800B199A9 /* Frameworks */ = {
			isa = PBXGroup;
			children = (
				9233824119941DB800B199A9 /* Foundation.framework */,
				9233824319941DB800B199A9 /* CoreGraphics.framework */,
				9233824519941DB800B199A9 /* UIKit.framework */,
				9233825A19941DB800B199A9 /* XCTest.framework */,
			);
			name = Frameworks;
			sourceTree = "<group>";
		};
		9233824719941DB800B199A9 /* YouSet */ = {
			isa = PBXGroup;
			children = (
				9233825019941DB800B199A9 /* YSTAppDelegate.h */,
				9233825119941DB800B199A9 /* YSTAppDelegate.m */,
				92DAD76E19954FBC0095FFCE /* views */,
				923382751994213F00B199A9 /* YSTToDo.h */,
				923382761994213F00B199A9 /* YSTToDo.m */,
				923382781994214E00B199A9 /* YSTToDoStore.h */,
				923382791994214E00B199A9 /* YSTToDoStore.m */,
				9233827B1994217C00B199A9 /* YSTAssignee.h */,
				9233827C1994217C00B199A9 /* YSTAssignee.m */,
				9233827E1994218700B199A9 /* YSTAssigneeStore.h */,
				9233827F1994218700B199A9 /* YSTAssigneeStore.m */,
				923382811994219200B199A9 /* YSTUser.h */,
				923382821994219200B199A9 /* YSTUser.m */,
				92338284199421A600B199A9 /* YSTUserStore.h */,
				92338285199421A600B199A9 /* YSTUserStore.m */,
				9233828A199421D000B199A9 /* YSTGroup.h */,
				9233828B199421D000B199A9 /* YSTGroup.m */,
				9233828D199421DC00B199A9 /* YSTGroupStore.h */,
				9233828E199421DC00B199A9 /* YSTGroupStore.m */,
				92338287199421C000B199A9 /* YSTConnection.h */,
				92338288199421C000B199A9 /* YSTConnection.m */,
				9233825319941DB800B199A9 /* Images.xcassets */,
				9233824819941DB800B199A9 /* Supporting Files */,
			);
			path = YouSet;
			sourceTree = "<group>";
		};
		9233824819941DB800B199A9 /* Supporting Files */ = {
			isa = PBXGroup;
			children = (
				9233824919941DB800B199A9 /* YouSet-Info.plist */,
				9233824A19941DB800B199A9 /* InfoPlist.strings */,
				9233824D19941DB800B199A9 /* main.m */,
				9233824F19941DB800B199A9 /* YouSet-Prefix.pch */,
			);
			name = "Supporting Files";
			sourceTree = "<group>";
		};
		9233826019941DB800B199A9 /* YouSetTests */ = {
			isa = PBXGroup;
			children = (
				9233826619941DB800B199A9 /* YouSetTests.m */,
				9233826119941DB800B199A9 /* Supporting Files */,
			);
			path = YouSetTests;
			sourceTree = "<group>";
		};
		9233826119941DB800B199A9 /* Supporting Files */ = {
			isa = PBXGroup;
			children = (
				9233826219941DB800B199A9 /* YouSetTests-Info.plist */,
				9233826319941DB800B199A9 /* InfoPlist.strings */,
			);
			name = "Supporting Files";
			sourceTree = "<group>";
		};
		92DAD76E19954FBC0095FFCE /* views */ = {
			isa = PBXGroup;
			children = (
				92B9361D19956C8D00F26A05 /* YSTMeViewController.h */,
				92B9361E19956C8D00F26A05 /* YSTMeViewController.m */,
				92B9361F19956C8D00F26A05 /* YSTMeViewController.xib */,
				929EDD25199BE99400A909BD /* YSTMeTableViewCell.h */,
				929EDD26199BE99400A909BD /* YSTMeTableViewCell.m */,
				929EDD27199BE99400A909BD /* YSTMeTableViewCell.xib */,
				B35D9722199AB308004826D1 /* YSTCreateNewTodo.h */,
				B35D9723199AB308004826D1 /* YSTCreateNewTodo.m */,
				B35D9724199AB308004826D1 /* YSTCreateNewTodo.xib */,
				92B9362219956CA800F26A05 /* YSTGroupsViewController.h */,
				92B9362319956CA800F26A05 /* YSTGroupsViewController.m */,
				92B9362419956CA800F26A05 /* YSTGroupsViewController.xib */,
				92B9362719956CBC00F26A05 /* YSTContactsViewController.h */,
				92B9362819956CBC00F26A05 /* YSTContactsViewController.m */,
				92B9362919956CBC00F26A05 /* YSTContactsViewController.xib */,
			);
			name = views;
			sourceTree = "<group>";
		};
/* End PBXGroup section */

/* Begin PBXNativeTarget section */
		9233823D19941DB800B199A9 /* YouSet */ = {
			isa = PBXNativeTarget;
			buildConfigurationList = 9233826A19941DB800B199A9 /* Build configuration list for PBXNativeTarget "YouSet" */;
			buildPhases = (
				9233823A19941DB800B199A9 /* Sources */,
				9233823B19941DB800B199A9 /* Frameworks */,
				9233823C19941DB800B199A9 /* Resources */,
			);
			buildRules = (
			);
			dependencies = (
			);
			name = YouSet;
			productName = YouSet;
			productReference = 9233823E19941DB800B199A9 /* YouSet.app */;
			productType = "com.apple.product-type.application";
		};
		9233825819941DB800B199A9 /* YouSetTests */ = {
			isa = PBXNativeTarget;
			buildConfigurationList = 9233826D19941DB800B199A9 /* Build configuration list for PBXNativeTarget "YouSetTests" */;
			buildPhases = (
				9233825519941DB800B199A9 /* Sources */,
				9233825619941DB800B199A9 /* Frameworks */,
				9233825719941DB800B199A9 /* Resources */,
			);
			buildRules = (
			);
			dependencies = (
				9233825F19941DB800B199A9 /* PBXTargetDependency */,
			);
			name = YouSetTests;
			productName = YouSetTests;
			productReference = 9233825919941DB800B199A9 /* YouSetTests.xctest */;
			productType = "com.apple.product-type.bundle.unit-test";
		};
/* End PBXNativeTarget section */

/* Begin PBXProject section */
		9233823619941DB800B199A9 /* Project object */ = {
			isa = PBXProject;
			attributes = {
				CLASSPREFIX = YST;
				LastUpgradeCheck = 0510;
				ORGANIZATIONNAME = YouSet;
				TargetAttributes = {
					9233825819941DB800B199A9 = {
						TestTargetID = 9233823D19941DB800B199A9;
					};
				};
			};
			buildConfigurationList = 9233823919941DB800B199A9 /* Build configuration list for PBXProject "YouSet" */;
			compatibilityVersion = "Xcode 3.2";
			developmentRegion = English;
			hasScannedForEncodings = 0;
			knownRegions = (
				en,
			);
			mainGroup = 9233823519941DB800B199A9;
			productRefGroup = 9233823F19941DB800B199A9 /* Products */;
			projectDirPath = "";
			projectRoot = "";
			targets = (
				9233823D19941DB800B199A9 /* YouSet */,
				9233825819941DB800B199A9 /* YouSetTests */,
			);
		};
/* End PBXProject section */

/* Begin PBXResourcesBuildPhase section */
		9233823C19941DB800B199A9 /* Resources */ = {
			isa = PBXResourcesBuildPhase;
			buildActionMask = 2147483647;
			files = (
				9233824C19941DB800B199A9 /* InfoPlist.strings in Resources */,
				9233825419941DB800B199A9 /* Images.xcassets in Resources */,
				92B9362B19956CBC00F26A05 /* YSTContactsViewController.xib in Resources */,
				92B9362119956C8D00F26A05 /* YSTMeViewController.xib in Resources */,
				929EDD29199BE99400A909BD /* YSTMeTableViewCell.xib in Resources */,
				92B9362619956CA800F26A05 /* YSTGroupsViewController.xib in Resources */,
				B35D9726199AB308004826D1 /* YSTCreateNewTodo.xib in Resources */,
			);
			runOnlyForDeploymentPostprocessing = 0;
		};
		9233825719941DB800B199A9 /* Resources */ = {
			isa = PBXResourcesBuildPhase;
			buildActionMask = 2147483647;
			files = (
				9233826519941DB800B199A9 /* InfoPlist.strings in Resources */,
			);
			runOnlyForDeploymentPostprocessing = 0;
		};
/* End PBXResourcesBuildPhase section */

/* Begin PBXSourcesBuildPhase section */
		9233823A19941DB800B199A9 /* Sources */ = {
			isa = PBXSourcesBuildPhase;
			buildActionMask = 2147483647;
			files = (
				92B9362A19956CBC00F26A05 /* YSTContactsViewController.m in Sources */,
				92338289199421C000B199A9 /* YSTConnection.m in Sources */,
				923382801994218700B199A9 /* YSTAssigneeStore.m in Sources */,
				9233827A1994214E00B199A9 /* YSTToDoStore.m in Sources */,
				9233827D1994217C00B199A9 /* YSTAssignee.m in Sources */,
				923382831994219200B199A9 /* YSTUser.m in Sources */,
				92338286199421A600B199A9 /* YSTUserStore.m in Sources */,
				92B9362519956CA800F26A05 /* YSTGroupsViewController.m in Sources */,
				9233828C199421D000B199A9 /* YSTGroup.m in Sources */,
				B35D9725199AB308004826D1 /* YSTCreateNewTodo.m in Sources */,
				9233824E19941DB800B199A9 /* main.m in Sources */,
				929EDD28199BE99400A909BD /* YSTMeTableViewCell.m in Sources */,
				9233828F199421DC00B199A9 /* YSTGroupStore.m in Sources */,
				92B9362019956C8D00F26A05 /* YSTMeViewController.m in Sources */,
				923382771994213F00B199A9 /* YSTToDo.m in Sources */,
				9233825219941DB800B199A9 /* YSTAppDelegate.m in Sources */,
			);
			runOnlyForDeploymentPostprocessing = 0;
		};
		9233825519941DB800B199A9 /* Sources */ = {
			isa = PBXSourcesBuildPhase;
			buildActionMask = 2147483647;
			files = (
				9233826719941DB800B199A9 /* YouSetTests.m in Sources */,
			);
			runOnlyForDeploymentPostprocessing = 0;
		};
/* End PBXSourcesBuildPhase section */

/* Begin PBXTargetDependency section */
		9233825F19941DB800B199A9 /* PBXTargetDependency */ = {
			isa = PBXTargetDependency;
			target = 9233823D19941DB800B199A9 /* YouSet */;
			targetProxy = 9233825E19941DB800B199A9 /* PBXContainerItemProxy */;
		};
/* End PBXTargetDependency section */

/* Begin PBXVariantGroup section */
		9233824A19941DB800B199A9 /* InfoPlist.strings */ = {
			isa = PBXVariantGroup;
			children = (
				9233824B19941DB800B199A9 /* en */,
			);
			name = InfoPlist.strings;
			sourceTree = "<group>";
		};
		9233826319941DB800B199A9 /* InfoPlist.strings */ = {
			isa = PBXVariantGroup;
			children = (
				9233826419941DB800B199A9 /* en */,
			);
			name = InfoPlist.strings;
			sourceTree = "<group>";
		};
/* End PBXVariantGroup section */

/* Begin XCBuildConfiguration section */
		9233826819941DB800B199A9 /* Debug */ = {
			isa = XCBuildConfiguration;
			buildSettings = {
				ALWAYS_SEARCH_USER_PATHS = NO;
				CLANG_CXX_LANGUAGE_STANDARD = "gnu++0x";
				CLANG_CXX_LIBRARY = "libc++";
				CLANG_ENABLE_MODULES = YES;
				CLANG_ENABLE_OBJC_ARC = YES;
				CLANG_WARN_BOOL_CONVERSION = YES;
				CLANG_WARN_CONSTANT_CONVERSION = YES;
				CLANG_WARN_DIRECT_OBJC_ISA_USAGE = YES_ERROR;
				CLANG_WARN_EMPTY_BODY = YES;
				CLANG_WARN_ENUM_CONVERSION = YES;
				CLANG_WARN_INT_CONVERSION = YES;
				CLANG_WARN_OBJC_ROOT_CLASS = YES_ERROR;
				CLANG_WARN__DUPLICATE_METHOD_MATCH = YES;
				"CODE_SIGN_IDENTITY[sdk=iphoneos*]" = "iPhone Developer";
				COPY_PHASE_STRIP = NO;
				GCC_C_LANGUAGE_STANDARD = gnu99;
				GCC_DYNAMIC_NO_PIC = NO;
				GCC_OPTIMIZATION_LEVEL = 0;
				GCC_PREPROCESSOR_DEFINITIONS = (
					"DEBUG=1",
					"$(inherited)",
				);
				GCC_SYMBOLS_PRIVATE_EXTERN = NO;
				GCC_WARN_64_TO_32_BIT_CONVERSION = YES;
				GCC_WARN_ABOUT_RETURN_TYPE = YES_ERROR;
				GCC_WARN_UNDECLARED_SELECTOR = YES;
				GCC_WARN_UNINITIALIZED_AUTOS = YES_AGGRESSIVE;
				GCC_WARN_UNUSED_FUNCTION = YES;
				GCC_WARN_UNUSED_VARIABLE = YES;
				IPHONEOS_DEPLOYMENT_TARGET = 7.1;
				ONLY_ACTIVE_ARCH = YES;
				SDKROOT = iphoneos;
			};
			name = Debug;
		};
		9233826919941DB800B199A9 /* Release */ = {
			isa = XCBuildConfiguration;
			buildSettings = {
				ALWAYS_SEARCH_USER_PATHS = NO;
				CLANG_CXX_LANGUAGE_STANDARD = "gnu++0x";
				CLANG_CXX_LIBRARY = "libc++";
				CLANG_ENABLE_MODULES = YES;
				CLANG_ENABLE_OBJC_ARC = YES;
				CLANG_WARN_BOOL_CONVERSION = YES;
				CLANG_WARN_CONSTANT_CONVERSION = YES;
				CLANG_WARN_DIRECT_OBJC_ISA_USAGE = YES_ERROR;
				CLANG_WARN_EMPTY_BODY = YES;
				CLANG_WARN_ENUM_CONVERSION = YES;
				CLANG_WARN_INT_CONVERSION = YES;
				CLANG_WARN_OBJC_ROOT_CLASS = YES_ERROR;
				CLANG_WARN__DUPLICATE_METHOD_MATCH = YES;
				"CODE_SIGN_IDENTITY[sdk=iphoneos*]" = "iPhone Developer";
				COPY_PHASE_STRIP = YES;
				ENABLE_NS_ASSERTIONS = NO;
				GCC_C_LANGUAGE_STANDARD = gnu99;
				GCC_WARN_64_TO_32_BIT_CONVERSION = YES;
				GCC_WARN_ABOUT_RETURN_TYPE = YES_ERROR;
				GCC_WARN_UNDECLARED_SELECTOR = YES;
				GCC_WARN_UNINITIALIZED_AUTOS = YES_AGGRESSIVE;
				GCC_WARN_UNUSED_FUNCTION = YES;
				GCC_WARN_UNUSED_VARIABLE = YES;
				IPHONEOS_DEPLOYMENT_TARGET = 7.1;
				SDKROOT = iphoneos;
				VALIDATE_PRODUCT = YES;
			};
			name = Release;
		};
		9233826B19941DB800B199A9 /* Debug */ = {
			isa = XCBuildConfiguration;
			buildSettings = {
				ASSETCATALOG_COMPILER_APPICON_NAME = AppIcon;
				ASSETCATALOG_COMPILER_LAUNCHIMAGE_NAME = LaunchImage;
				GCC_PRECOMPILE_PREFIX_HEADER = YES;
				GCC_PREFIX_HEADER = "YouSet/YouSet-Prefix.pch";
				INFOPLIST_FILE = "YouSet/YouSet-Info.plist";
				PRODUCT_NAME = "$(TARGET_NAME)";
				WRAPPER_EXTENSION = app;
			};
			name = Debug;
		};
		9233826C19941DB800B199A9 /* Release */ = {
			isa = XCBuildConfiguration;
			buildSettings = {
				ASSETCATALOG_COMPILER_APPICON_NAME = AppIcon;
				ASSETCATALOG_COMPILER_LAUNCHIMAGE_NAME = LaunchImage;
				GCC_PRECOMPILE_PREFIX_HEADER = YES;
				GCC_PREFIX_HEADER = "YouSet/YouSet-Prefix.pch";
				INFOPLIST_FILE = "YouSet/YouSet-Info.plist";
				PRODUCT_NAME = "$(TARGET_NAME)";
				WRAPPER_EXTENSION = app;
			};
			name = Release;
		};
		9233826E19941DB800B199A9 /* Debug */ = {
			isa = XCBuildConfiguration;
			buildSettings = {
				BUNDLE_LOADER = "$(BUILT_PRODUCTS_DIR)/YouSet.app/YouSet";
				FRAMEWORK_SEARCH_PATHS = (
					"$(SDKROOT)/Developer/Library/Frameworks",
					"$(inherited)",
					"$(DEVELOPER_FRAMEWORKS_DIR)",
				);
				GCC_PRECOMPILE_PREFIX_HEADER = YES;
				GCC_PREFIX_HEADER = "YouSet/YouSet-Prefix.pch";
				GCC_PREPROCESSOR_DEFINITIONS = (
					"DEBUG=1",
					"$(inherited)",
				);
				INFOPLIST_FILE = "YouSetTests/YouSetTests-Info.plist";
				PRODUCT_NAME = "$(TARGET_NAME)";
				TEST_HOST = "$(BUNDLE_LOADER)";
				WRAPPER_EXTENSION = xctest;
			};
			name = Debug;
		};
		9233826F19941DB800B199A9 /* Release */ = {
			isa = XCBuildConfiguration;
			buildSettings = {
				BUNDLE_LOADER = "$(BUILT_PRODUCTS_DIR)/YouSet.app/YouSet";
				FRAMEWORK_SEARCH_PATHS = (
					"$(SDKROOT)/Developer/Library/Frameworks",
					"$(inherited)",
					"$(DEVELOPER_FRAMEWORKS_DIR)",
				);
				GCC_PRECOMPILE_PREFIX_HEADER = YES;
				GCC_PREFIX_HEADER = "YouSet/YouSet-Prefix.pch";
				INFOPLIST_FILE = "YouSetTests/YouSetTests-Info.plist";
				PRODUCT_NAME = "$(TARGET_NAME)";
				TEST_HOST = "$(BUNDLE_LOADER)";
				WRAPPER_EXTENSION = xctest;
			};
			name = Release;
		};
/* End XCBuildConfiguration section */

/* Begin XCConfigurationList section */
		9233823919941DB800B199A9 /* Build configuration list for PBXProject "YouSet" */ = {
			isa = XCConfigurationList;
			buildConfigurations = (
				9233826819941DB800B199A9 /* Debug */,
				9233826919941DB800B199A9 /* Release */,
			);
			defaultConfigurationIsVisible = 0;
			defaultConfigurationName = Release;
		};
		9233826A19941DB800B199A9 /* Build configuration list for PBXNativeTarget "YouSet" */ = {
			isa = XCConfigurationList;
			buildConfigurations = (
				9233826B19941DB800B199A9 /* Debug */,
				9233826C19941DB800B199A9 /* Release */,
			);
			defaultConfigurationIsVisible = 0;
			defaultConfigurationName = Release;
		};
		9233826D19941DB800B199A9 /* Build configuration list for PBXNativeTarget "YouSetTests" */ = {
			isa = XCConfigurationList;
			buildConfigurations = (
				9233826E19941DB800B199A9 /* Debug */,
				9233826F19941DB800B199A9 /* Release */,
			);
			defaultConfigurationIsVisible = 0;
			defaultConfigurationName = Release;
		};
/* End XCConfigurationList section */
	};
	rootObject = 9233823619941DB800B199A9 /* Project object */;
}
